
Microsoft Visual Studio Solution File, Format Version 11.00
# Visual Studio 2010
Project("{FAE04EC0-301F-11D3-BF4B-00C04F79EFBC}") = "TurrisInfinitum", "Assembly-CSharp.csproj", "{4DBEC8C9-2488-5D8A-A26C-B7DE0F8C6C00}"
EndProject
Global
	GlobalSection(SolutionConfigurationPlatforms) = preSolution
		Debug|Any CPU = Debug|Any CPU
		Release|Any CPU = Release|Any CPU
	EndGlobalSection
	GlobalSection(ProjectConfigurationPlatforms) = postSolution
		{4DBEC8C9-2488-5D8A-A26C-B7DE0F8C6C00}.Debug|Any CPU.ActiveCfg = Debug|Any CPU
		{4DBEC8C9-2488-5D8A-A26C-B7DE0F8C6C00}.Debug|Any CPU.Build.0 = Debug|Any CPU
		{4DBEC8C9-2488-5D8A-A26C-B7DE0F8C6C00}.Release|Any CPU.ActiveCfg = Release|Any CPU
		{4DBEC8C9-2488-5D8A-A26C-B7DE0F8C6C00}.Release|Any CPU.Build.0 = Release|Any CPU
	EndGlobalSection
	GlobalSection(SolutionProperties) = preSolution
		HideSolutionNode = FALSE
	EndGlobalSection
	GlobalSection(MonoDevelopProperties) = preSolution
		StartupItem = Assembly-CSharp.csproj
	EndGlobalSection
EndGlobal
